
Microsoft Visual Studio Solution File, Format Version 12.00
# Visual Studio 15
VisualStudioVersion = 15.0.27130.2003
MinimumVisualStudioVersion = 10.0.40219.1
Project("{FAE04EC0-301F-11D3-BF4B-00C04F79EFBC}") = "Server", "src\Server\Server.csproj", "{7B43E50E-7FC6-4708-AAD0-4E63B74A5911}"
EndProject
Project("{2150E333-8FDC-42A3-9474-1A3956D46DE8}") = "src", "src", "{4239A09C-0D26-4DF5-B53C-16392EC19D81}"
EndProject
Project("{2150E333-8FDC-42A3-9474-1A3956D46DE8}") = "tests", "tests", "{484D1534-5040-4E03-B99F-3FBBE96B808E}"
EndProject
Project("{FAE04EC0-301F-11D3-BF4B-00C04F79EFBC}") = "Client", "src\Client\Client.csproj", "{C6145D39-BEC2-4549-8F88-C6F9F82E7065}"
EndProject
Global
	GlobalSection(SolutionConfigurationPlatforms) = preSolution
		Debug|Any CPU = Debug|Any CPU
		Release|Any CPU = Release|Any CPU
	EndGlobalSection
	GlobalSection(ProjectConfigurationPlatforms) = postSolution
		{7B43E50E-7FC6-4708-AAD0-4E63B74A5911}.Debug|Any CPU.ActiveCfg = Debug|Any CPU
		{7B43E50E-7FC6-4708-AAD0-4E63B74A5911}.Debug|Any CPU.Build.0 = Debug|Any CPU
		{7B43E50E-7FC6-4708-AAD0-4E63B74A5911}.Release|Any CPU.ActiveCfg = Release|Any CPU
		{7B43E50E-7FC6-4708-AAD0-4E63B74A5911}.Release|Any CPU.Build.0 = Release|Any CPU
		{C6145D39-BEC2-4549-8F88-C6F9F82E7065}.Debug|Any CPU.ActiveCfg = Debug|Any CPU
		{C6145D39-BEC2-4549-8F88-C6F9F82E7065}.Debug|Any CPU.Build.0 = Debug|Any CPU
		{C6145D39-BEC2-4549-8F88-C6F9F82E7065}.Release|Any CPU.ActiveCfg = Release|Any CPU
		{C6145D39-BEC2-4549-8F88-C6F9F82E7065}.Release|Any CPU.Build.0 = Release|Any CPU
	EndGlobalSection
	GlobalSection(SolutionProperties) = preSolution
		HideSolutionNode = FALSE
	EndGlobalSection
	GlobalSection(NestedProjects) = preSolution
		{7B43E50E-7FC6-4708-AAD0-4E63B74A5911} = {4239A09C-0D26-4DF5-B53C-16392EC19D81}
		{C6145D39-BEC2-4549-8F88-C6F9F82E7065} = {4239A09C-0D26-4DF5-B53C-16392EC19D81}
	EndGlobalSection
	GlobalSection(ExtensibilityGlobals) = postSolution
		SolutionGuid = {8D592660-C3EB-4823-8D62-0D8CC6B41AEB}
	EndGlobalSection
EndGlobal
